# Code generated by scarb DO NOT EDIT.
version = 1

[[package]]
name = "alexandria_math"
version = "0.1.0"
source = "git+https://github.com/keep-starknet-strange/alexandria.git?rev=81bb93c#81bb93cce323d3efb423abf8907c729f2933fafa"

[[package]]
name = "galleon_starknet"
version = "0.1.0"
dependencies = [
 "alexandria_math",
]
